
Microsoft Visual Studio Solution File, Format Version 12.00
# Visual Studio Version 17
VisualStudioVersion = 17.8.34601.278
MinimumVisualStudioVersion = 10.0.40219.1
Project("{FAE04EC0-301F-11D3-BF4B-00C04F79EFBC}") = "Factura_Electronica", "Factura_Electronica\Factura_Electronica.csproj", "{F0DC835A-812B-46E0-B106-973AED1BDFFD}"
EndProject
Global
	GlobalSection(SolutionConfigurationPlatforms) = preSolution
		Debug|Any CPU = Debug|Any CPU
		Release|Any CPU = Release|Any CPU
	EndGlobalSection
	GlobalSection(ProjectConfigurationPlatforms) = postSolution
		{F0DC835A-812B-46E0-B106-973AED1BDFFD}.Debug|Any CPU.ActiveCfg = Debug|Any CPU
		{F0DC835A-812B-46E0-B106-973AED1BDFFD}.Debug|Any CPU.Build.0 = Debug|Any CPU
		{F0DC835A-812B-46E0-B106-973AED1BDFFD}.Release|Any CPU.ActiveCfg = Release|Any CPU
		{F0DC835A-812B-46E0-B106-973AED1BDFFD}.Release|Any CPU.Build.0 = Release|Any CPU
	EndGlobalSection
	GlobalSection(SolutionProperties) = preSolution
		HideSolutionNode = FALSE
	EndGlobalSection
	GlobalSection(ExtensibilityGlobals) = postSolution
		SolutionGuid = {D0689578-F2B3-49E6-910B-C5367F63AA29}
	EndGlobalSection
EndGlobal
